
Microsoft Visual Studio Solution File, Format Version 12.00
# Visual Studio Version 17
VisualStudioVersion = 17.6.33815.320
MinimumVisualStudioVersion = 10.0.40219.1
Project("{FAE04EC0-301F-11D3-BF4B-00C04F79EFBC}") = "SimpleAPI", "SimpleAPI\SimpleAPI.csproj", "{4985F1B0-7CEF-4587-BD8B-CA2B5A59FDE5}"
EndProject
Project("{E53339B2-1760-4266-BCC7-CA923CBCF16C}") = "docker-compose", "docker-compose.dcproj", "{D40A04EE-19FA-41E4-8219-A5D4AD25AEB4}"
EndProject
Global
	GlobalSection(SolutionConfigurationPlatforms) = preSolution
		Debug|Any CPU = Debug|Any CPU
		Release|Any CPU = Release|Any CPU
	EndGlobalSection
	GlobalSection(ProjectConfigurationPlatforms) = postSolution
		{4985F1B0-7CEF-4587-BD8B-CA2B5A59FDE5}.Debug|Any CPU.ActiveCfg = Debug|Any CPU
		{4985F1B0-7CEF-4587-BD8B-CA2B5A59FDE5}.Debug|Any CPU.Build.0 = Debug|Any CPU
		{4985F1B0-7CEF-4587-BD8B-CA2B5A59FDE5}.Release|Any CPU.ActiveCfg = Release|Any CPU
		{4985F1B0-7CEF-4587-BD8B-CA2B5A59FDE5}.Release|Any CPU.Build.0 = Release|Any CPU
		{D40A04EE-19FA-41E4-8219-A5D4AD25AEB4}.Debug|Any CPU.ActiveCfg = Debug|Any CPU
		{D40A04EE-19FA-41E4-8219-A5D4AD25AEB4}.Debug|Any CPU.Build.0 = Debug|Any CPU
		{D40A04EE-19FA-41E4-8219-A5D4AD25AEB4}.Release|Any CPU.ActiveCfg = Release|Any CPU
		{D40A04EE-19FA-41E4-8219-A5D4AD25AEB4}.Release|Any CPU.Build.0 = Release|Any CPU
	EndGlobalSection
	GlobalSection(SolutionProperties) = preSolution
		HideSolutionNode = FALSE
	EndGlobalSection
	GlobalSection(ExtensibilityGlobals) = postSolution
		SolutionGuid = {98093DE8-B981-4640-8C97-E519A8C87FF2}
	EndGlobalSection
EndGlobal
